// !$*UTF8*$!
{
	archiveVersion = 1;
	classes = {
	};
	objectVersion = 50;
	objects = {

/* Begin PBXBuildFile section */
		331640EF24FAC54D00AD0172 /* AppDelegate.swift in Sources */ = {isa = PBXBuildFile; fileRef = 331640EE24FAC54D00AD0172 /* AppDelegate.swift */; };
		331640F124FAC54D00AD0172 /* SceneDelegate.swift in Sources */ = {isa = PBXBuildFile; fileRef = 331640F024FAC54D00AD0172 /* SceneDelegate.swift */; };
		331640F324FAC54D00AD0172 /* ViewController.swift in Sources */ = {isa = PBXBuildFile; fileRef = 331640F224FAC54D00AD0172 /* ViewController.swift */; };
		331640F624FAC54D00AD0172 /* Main.storyboard in Resources */ = {isa = PBXBuildFile; fileRef = 331640F424FAC54D00AD0172 /* Main.storyboard */; };
		331640F824FAC55000AD0172 /* Assets.xcassets in Resources */ = {isa = PBXBuildFile; fileRef = 331640F724FAC55000AD0172 /* Assets.xcassets */; };
		331640FB24FAC55000AD0172 /* LaunchScreen.storyboard in Resources */ = {isa = PBXBuildFile; fileRef = 331640F924FAC55000AD0172 /* LaunchScreen.storyboard */; };
		3316410624FAC55100AD0172 /* iOS_Tip_AppTests.swift in Sources */ = {isa = PBXBuildFile; fileRef = 3316410524FAC55100AD0172 /* iOS_Tip_AppTests.swift */; };
		3316411124FAC55100AD0172 /* iOS_Tip_AppUITests.swift in Sources */ = {isa = PBXBuildFile; fileRef = 3316411024FAC55100AD0172 /* iOS_Tip_AppUITests.swift */; };
/* End PBXBuildFile section */

/* Begin PBXContainerItemProxy section */
		3316410224FAC55100AD0172 /* PBXContainerItemProxy */ = {
			isa = PBXContainerItemProxy;
			containerPortal = 331640E324FAC54D00AD0172 /* Project object */;
			proxyType = 1;
			remoteGlobalIDString = 331640EA24FAC54D00AD0172;
			remoteInfo = "iOS Tip App";
		};
		3316410D24FAC55100AD0172 /* PBXContainerItemProxy */ = {
			isa = PBXContainerItemProxy;
			containerPortal = 331640E324FAC54D00AD0172 /* Project object */;
			proxyType = 1;
			remoteGlobalIDString = 331640EA24FAC54D00AD0172;
			remoteInfo = "iOS Tip App";
		};
/* End PBXContainerItemProxy section */

/* Begin PBXFileReference section */
		331640EB24FAC54D00AD0172 /* iOS Tip App.app */ = {isa = PBXFileReference; explicitFileType = wrapper.application; includeInIndex = 0; path = "iOS Tip App.app"; sourceTree = BUILT_PRODUCTS_DIR; };
		331640EE24FAC54D00AD0172 /* AppDelegate.swift */ = {isa = PBXFileReference; lastKnownFileType = sourcecode.swift; path = AppDelegate.swift; sourceTree = "<group>"; };
		331640F024FAC54D00AD0172 /* SceneDelegate.swift */ = {isa = PBXFileReference; lastKnownFileType = sourcecode.swift; path = SceneDelegate.swift; sourceTree = "<group>"; };
		331640F224FAC54D00AD0172 /* ViewController.swift */ = {isa = PBXFileReference; lastKnownFileType = sourcecode.swift; path = ViewController.swift; sourceTree = "<group>"; };
		331640F524FAC54D00AD0172 /* Base */ = {isa = PBXFileReference; lastKnownFileType = file.storyboard; name = Base; path = Base.lproj/Main.storyboard; sourceTree = "<group>"; };
		331640F724FAC55000AD0172 /* Assets.xcassets */ = {isa = PBXFileReference; lastKnownFileType = folder.assetcatalog; path = Assets.xcassets; sourceTree = "<group>"; };
		331640FA24FAC55000AD0172 /* Base */ = {isa = PBXFileReference; lastKnownFileType = file.storyboard; name = Base; path = Base.lproj/LaunchScreen.storyboard; sourceTree = "<group>"; };
		331640FC24FAC55000AD0172 /* Info.plist */ = {isa = PBXFileReference; lastKnownFileType = text.plist.xml; path = Info.plist; sourceTree = "<group>"; };
		3316410124FAC55100AD0172 /* iOS Tip AppTests.xctest */ = {isa = PBXFileReference; explicitFileType = wrapper.cfbundle; includeInIndex = 0; path = "iOS Tip AppTests.xctest"; sourceTree = BUILT_PRODUCTS_DIR; };
		3316410524FAC55100AD0172 /* iOS_Tip_AppTests.swift */ = {isa = PBXFileReference; lastKnownFileType = sourcecode.swift; path = iOS_Tip_AppTests.swift; sourceTree = "<group>"; };
		3316410724FAC55100AD0172 /* Info.plist */ = {isa = PBXFileReference; lastKnownFileType = text.plist.xml; path = Info.plist; sourceTree = "<group>"; };
		3316410C24FAC55100AD0172 /* iOS Tip AppUITests.xctest */ = {isa = PBXFileReference; explicitFileType = wrapper.cfbundle; includeInIndex = 0; path = "iOS Tip AppUITests.xctest"; sourceTree = BUILT_PRODUCTS_DIR; };
		3316411024FAC55100AD0172 /* iOS_Tip_AppUITests.swift */ = {isa = PBXFileReference; lastKnownFileType = sourcecode.swift; path = iOS_Tip_AppUITests.swift; sourceTree = "<group>"; };
		3316411224FAC55100AD0172 /* Info.plist */ = {isa = PBXFileReference; lastKnownFileType = text.plist.xml; path = Info.plist; sourceTree = "<group>"; };
/* End PBXFileReference section */

/* Begin PBXFrameworksBuildPhase section */
		331640E824FAC54D00AD0172 /* Frameworks */ = {
			isa = PBXFrameworksBuildPhase;
			buildActionMask = 2147483647;
			files = (
			);
			runOnlyForDeploymentPostprocessing = 0;
		};
		331640FE24FAC55100AD0172 /* Frameworks */ = {
			isa = PBXFrameworksBuildPhase;
			buildActionMask = 2147483647;
			files = (
			);
			runOnlyForDeploymentPostprocessing = 0;
		};
		3316410924FAC55100AD0172 /* Frameworks */ = {
			isa = PBXFrameworksBuildPhase;
			buildActionMask = 2147483647;
			files = (
			);
			runOnlyForDeploymentPostprocessing = 0;
		};
/* End PBXFrameworksBuildPhase section */

/* Begin PBXGroup section */
		331640E224FAC54D00AD0172 = {
			isa = PBXGroup;
			children = (
				331640ED24FAC54D00AD0172 /* iOS Tip App */,
				3316410424FAC55100AD0172 /* iOS Tip AppTests */,
				3316410F24FAC55100AD0172 /* iOS Tip AppUITests */,
				331640EC24FAC54D00AD0172 /* Products */,
			);
			sourceTree = "<group>";
		};
		331640EC24FAC54D00AD0172 /* Products */ = {
			isa = PBXGroup;
			children = (
				331640EB24FAC54D00AD0172 /* iOS Tip App.app */,
				3316410124FAC55100AD0172 /* iOS Tip AppTests.xctest */,
				3316410C24FAC55100AD0172 /* iOS Tip AppUITests.xctest */,
			);
			name = Products;
			sourceTree = "<group>";
		};
		331640ED24FAC54D00AD0172 /* iOS Tip App */ = {
			isa = PBXGroup;
			children = (
				331640EE24FAC54D00AD0172 /* AppDelegate.swift */,
				331640F024FAC54D00AD0172 /* SceneDelegate.swift */,
				331640F224FAC54D00AD0172 /* ViewController.swift */,
				331640F424FAC54D00AD0172 /* Main.storyboard */,
				331640F724FAC55000AD0172 /* Assets.xcassets */,
				331640F924FAC55000AD0172 /* LaunchScreen.storyboard */,
				331640FC24FAC55000AD0172 /* Info.plist */,
			);
			path = "iOS Tip App";
			sourceTree = "<group>";
		};
		3316410424FAC55100AD0172 /* iOS Tip AppTests */ = {
			isa = PBXGroup;
			children = (
				3316410524FAC55100AD0172 /* iOS_Tip_AppTests.swift */,
				3316410724FAC55100AD0172 /* Info.plist */,
			);
			path = "iOS Tip AppTests";
			sourceTree = "<group>";
		};
		3316410F24FAC55100AD0172 /* iOS Tip AppUITests */ = {
			isa = PBXGroup;
			children = (
				3316411024FAC55100AD0172 /* iOS_Tip_AppUITests.swift */,
				3316411224FAC55100AD0172 /* Info.plist */,
			);
			path = "iOS Tip AppUITests";
			sourceTree = "<group>";
		};
/* End PBXGroup section */

/* Begin PBXNativeTarget section */
		331640EA24FAC54D00AD0172 /* iOS Tip App */ = {
			isa = PBXNativeTarget;
			buildConfigurationList = 3316411524FAC55100AD0172 /* Build configuration list for PBXNativeTarget "iOS Tip App" */;
			buildPhases = (
				331640E724FAC54D00AD0172 /* Sources */,
				331640E824FAC54D00AD0172 /* Frameworks */,
				331640E924FAC54D00AD0172 /* Resources */,
			);
			buildRules = (
			);
			dependencies = (
			);
			name = "iOS Tip App";
			productName = "iOS Tip App";
			productReference = 331640EB24FAC54D00AD0172 /* iOS Tip App.app */;
			productType = "com.apple.product-type.application";
		};
		3316410024FAC55100AD0172 /* iOS Tip AppTests */ = {
			isa = PBXNativeTarget;
			buildConfigurationList = 3316411824FAC55100AD0172 /* Build configuration list for PBXNativeTarget "iOS Tip AppTests" */;
			buildPhases = (
				331640FD24FAC55100AD0172 /* Sources */,
				331640FE24FAC55100AD0172 /* Frameworks */,
				331640FF24FAC55100AD0172 /* Resources */,
			);
			buildRules = (
			);
			dependencies = (
				3316410324FAC55100AD0172 /* PBXTargetDependency */,
			);
			name = "iOS Tip AppTests";
			productName = "iOS Tip AppTests";
			productReference = 3316410124FAC55100AD0172 /* iOS Tip AppTests.xctest */;
			productType = "com.apple.product-type.bundle.unit-test";
		};
		3316410B24FAC55100AD0172 /* iOS Tip AppUITests */ = {
			isa = PBXNativeTarget;
			buildConfigurationList = 3316411B24FAC55100AD0172 /* Build configuration list for PBXNativeTarget "iOS Tip AppUITests" */;
			buildPhases = (
				3316410824FAC55100AD0172 /* Sources */,
				3316410924FAC55100AD0172 /* Frameworks */,
				3316410A24FAC55100AD0172 /* Resources */,
			);
			buildRules = (
			);
			dependencies = (
				3316410E24FAC55100AD0172 /* PBXTargetDependency */,
			);
			name = "iOS Tip AppUITests";
			productName = "iOS Tip AppUITests";
			productReference = 3316410C24FAC55100AD0172 /* iOS Tip AppUITests.xctest */;
			productType = "com.apple.product-type.bundle.ui-testing";
		};
/* End PBXNativeTarget section */

/* Begin PBXProject section */
		331640E324FAC54D00AD0172 /* Project object */ = {
			isa = PBXProject;
			attributes = {
				LastSwiftUpdateCheck = 1130;
				LastUpgradeCheck = 1130;
				ORGANIZATIONNAME = "Samuel Sandoval";
				TargetAttributes = {
					331640EA24FAC54D00AD0172 = {
						CreatedOnToolsVersion = 11.3.1;
					};
					3316410024FAC55100AD0172 = {
						CreatedOnToolsVersion = 11.3.1;
						TestTargetID = 331640EA24FAC54D00AD0172;
					};
					3316410B24FAC55100AD0172 = {
						CreatedOnToolsVersion = 11.3.1;
						TestTargetID = 331640EA24FAC54D00AD0172;
					};
				};
			};
			buildConfigurationList = 331640E624FAC54D00AD0172 /* Build configuration list for PBXProject "iOS Tip App" */;
			compatibilityVersion = "Xcode 9.3";
			developmentRegion = en;
			hasScannedForEncodings = 0;
			knownRegions = (
				en,
				Base,
			);
			mainGroup = 331640E224FAC54D00AD0172;
			productRefGroup = 331640EC24FAC54D00AD0172 /* Products */;
			projectDirPath = "";
			projectRoot = "";
			targets = (
				331640EA24FAC54D00AD0172 /* iOS Tip App */,
				3316410024FAC55100AD0172 /* iOS Tip AppTests */,
				3316410B24FAC55100AD0172 /* iOS Tip AppUITests */,
			);
		};
/* End PBXProject section */

/* Begin PBXResourcesBuildPhase section */
		331640E924FAC54D00AD0172 /* Resources */ = {
			isa = PBXResourcesBuildPhase;
			buildActionMask = 2147483647;
			files = (
				331640FB24FAC55000AD0172 /* LaunchScreen.storyboard in Resources */,
				331640F824FAC55000AD0172 /* Assets.xcassets in Resources */,
				331640F624FAC54D00AD0172 /* Main.storyboard in Resources */,
			);
			runOnlyForDeploymentPostprocessing = 0;
		};
		331640FF24FAC55100AD0172 /* Resources */ = {
			isa = PBXResourcesBuildPhase;
			buildActionMask = 2147483647;
			files = (
			);
			runOnlyForDeploymentPostprocessing = 0;
		};
		3316410A24FAC55100AD0172 /* Resources */ = {
			isa = PBXResourcesBuildPhase;
			buildActionMask = 2147483647;
			files = (
			);
			runOnlyForDeploymentPostprocessing = 0;
		};
/* End PBXResourcesBuildPhase section */

/* Begin PBXSourcesBuildPhase section */
		331640E724FAC54D00AD0172 /* Sources */ = {
			isa = PBXSourcesBuildPhase;
			buildActionMask = 2147483647;
			files = (
				331640F324FAC54D00AD0172 /* ViewController.swift in Sources */,
				331640EF24FAC54D00AD0172 /* AppDelegate.swift in Sources */,
				331640F124FAC54D00AD0172 /* SceneDelegate.swift in Sources */,
			);
			runOnlyForDeploymentPostprocessing = 0;
		};
		331640FD24FAC55100AD0172 /* Sources */ = {
			isa = PBXSourcesBuildPhase;
			buildActionMask = 2147483647;
			files = (
				3316410624FAC55100AD0172 /* iOS_Tip_AppTests.swift in Sources */,
			);
			runOnlyForDeploymentPostprocessing = 0;
		};
		3316410824FAC55100AD0172 /* Sources */ = {
			isa = PBXSourcesBuildPhase;
			buildActionMask = 2147483647;
			files = (
				3316411124FAC55100AD0172 /* iOS_Tip_AppUITests.swift in Sources */,
			);
			runOnlyForDeploymentPostprocessing = 0;
		};
/* End PBXSourcesBuildPhase section */

/* Begin PBXTargetDependency section */
		3316410324FAC55100AD0172 /* PBXTargetDependency */ = {
			isa = PBXTargetDependency;
			target = 331640EA24FAC54D00AD0172 /* iOS Tip App */;
			targetProxy = 3316410224FAC55100AD0172 /* PBXContainerItemProxy */;
		};
		3316410E24FAC55100AD0172 /* PBXTargetDependency */ = {
			isa = PBXTargetDependency;
			target = 331640EA24FAC54D00AD0172 /* iOS Tip App */;
			targetProxy = 3316410D24FAC55100AD0172 /* PBXContainerItemProxy */;
		};
/* End PBXTargetDependency section */

/* Begin PBXVariantGroup section */
		331640F424FAC54D00AD0172 /* Main.storyboard */ = {
			isa = PBXVariantGroup;
			children = (
				331640F524FAC54D00AD0172 /* Base */,
			);
			name = Main.storyboard;
			sourceTree = "<group>";
		};
		331640F924FAC55000AD0172 /* LaunchScreen.storyboard */ = {
			isa = PBXVariantGroup;
			children = (
				331640FA24FAC55000AD0172 /* Base */,
			);
			name = LaunchScreen.storyboard;
			sourceTree = "<group>";
		};
/* End PBXVariantGroup section */

/* Begin XCBuildConfiguration section */
		3316411324FAC55100AD0172 /* Debug */ = {
			isa = XCBuildConfiguration;
			buildSettings = {
				ALWAYS_SEARCH_USER_PATHS = NO;
				CLANG_ANALYZER_NONNULL = YES;
				CLANG_ANALYZER_NUMBER_OBJECT_CONVERSION = YES_AGGRESSIVE;
				CLANG_CXX_LANGUAGE_STANDARD = "gnu++14";
				CLANG_CXX_LIBRARY = "libc++";
				CLANG_ENABLE_MODULES = YES;
				CLANG_ENABLE_OBJC_ARC = YES;
				CLANG_ENABLE_OBJC_WEAK = YES;
				CLANG_WARN_BLOCK_CAPTURE_AUTORELEASING = YES;
				CLANG_WARN_BOOL_CONVERSION = YES;
				CLANG_WARN_COMMA = YES;
				CLANG_WARN_CONSTANT_CONVERSION = YES;
				CLANG_WARN_DEPRECATED_OBJC_IMPLEMENTATIONS = YES;
				CLANG_WARN_DIRECT_OBJC_ISA_USAGE = YES_ERROR;
				CLANG_WARN_DOCUMENTATION_COMMENTS = YES;
				CLANG_WARN_EMPTY_BODY = YES;
				CLANG_WARN_ENUM_CONVERSION = YES;
				CLANG_WARN_INFINITE_RECURSION = YES;
				CLANG_WARN_INT_CONVERSION = YES;
				CLANG_WARN_NON_LITERAL_NULL_CONVERSION = YES;
				CLANG_WARN_OBJC_IMPLICIT_RETAIN_SELF = YES;
				CLANG_WARN_OBJC_LITERAL_CONVERSION = YES;
				CLANG_WARN_OBJC_ROOT_CLASS = YES_ERROR;
				CLANG_WARN_RANGE_LOOP_ANALYSIS = YES;
				CLANG_WARN_STRICT_PROTOTYPES = YES;
				CLANG_WARN_SUSPICIOUS_MOVE = YES;
				CLANG_WARN_UNGUARDED_AVAILABILITY = YES_AGGRESSIVE;
				CLANG_WARN_UNREACHABLE_CODE = YES;
				CLANG_WARN__DUPLICATE_METHOD_MATCH = YES;
				COPY_PHASE_STRIP = NO;
				DEBUG_INFORMATION_FORMAT = dwarf;
				ENABLE_STRICT_OBJC_MSGSEND = YES;
				ENABLE_TESTABILITY = YES;
				GCC_C_LANGUAGE_STANDARD = gnu11;
				GCC_DYNAMIC_NO_PIC = NO;
				GCC_NO_COMMON_BLOCKS = YES;
				GCC_OPTIMIZATION_LEVEL = 0;
				GCC_PREPROCESSOR_DEFINITIONS = (
					"DEBUG=1",
					"$(inherited)",
				);
				GCC_WARN_64_TO_32_BIT_CONVERSION = YES;
				GCC_WARN_ABOUT_RETURN_TYPE = YES_ERROR;
				GCC_WARN_UNDECLARED_SELECTOR = YES;
				GCC_WARN_UNINITIALIZED_AUTOS = YES_AGGRESSIVE;
				GCC_WARN_UNUSED_FUNCTION = YES;
				GCC_WARN_UNUSED_VARIABLE = YES;
				IPHONEOS_DEPLOYMENT_TARGET = 13.2;
				MTL_ENABLE_DEBUG_INFO = INCLUDE_SOURCE;
				MTL_FAST_MATH = YES;
				ONLY_ACTIVE_ARCH = YES;
				SDKROOT = iphoneos;
				SWIFT_ACTIVE_COMPILATION_CONDITIONS = DEBUG;
				SWIFT_OPTIMIZATION_LEVEL = "-Onone";
			};
			name = Debug;
		};
		3316411424FAC55100AD0172 /* Release */ = {
			isa = XCBuildConfiguration;
			buildSettings = {
				ALWAYS_SEARCH_USER_PATHS = NO;
				CLANG_ANALYZER_NONNULL = YES;
				CLANG_ANALYZER_NUMBER_OBJECT_CONVERSION = YES_AGGRESSIVE;
				CLANG_CXX_LANGUAGE_STANDARD = "gnu++14";
				CLANG_CXX_LIBRARY = "libc++";
				CLANG_ENABLE_MODULES = YES;
				CLANG_ENABLE_OBJC_ARC = YES;
				CLANG_ENABLE_OBJC_WEAK = YES;
				CLANG_WARN_BLOCK_CAPTURE_AUTORELEASING = YES;
				CLANG_WARN_BOOL_CONVERSION = YES;
				CLANG_WARN_COMMA = YES;
				CLANG_WARN_CONSTANT_CONVERSION = YES;
				CLANG_WARN_DEPRECATED_OBJC_IMPLEMENTATIONS = YES;
				CLANG_WARN_DIRECT_OBJC_ISA_USAGE = YES_ERROR;
				CLANG_WARN_DOCUMENTATION_COMMENTS = YES;
				CLANG_WARN_EMPTY_BODY = YES;
				CLANG_WARN_ENUM_CONVERSION = YES;
				CLANG_WARN_INFINITE_RECURSION = YES;
				CLANG_WARN_INT_CONVERSION = YES;
				CLANG_WARN_NON_LITERAL_NULL_CONVERSION = YES;
				CLANG_WARN_OBJC_IMPLICIT_RETAIN_SELF = YES;
				CLANG_WARN_OBJC_LITERAL_CONVERSION = YES;
				CLANG_WARN_OBJC_ROOT_CLASS = YES_ERROR;
				CLANG_WARN_RANGE_LOOP_ANALYSIS = YES;
				CLANG_WARN_STRICT_PROTOTYPES = YES;
				CLANG_WARN_SUSPICIOUS_MOVE = YES;
				CLANG_WARN_UNGUARDED_AVAILABILITY = YES_AGGRESSIVE;
				CLANG_WARN_UNREACHABLE_CODE = YES;
				CLANG_WARN__DUPLICATE_METHOD_MATCH = YES;
				COPY_PHASE_STRIP = NO;
				DEBUG_INFORMATION_FORMAT = "dwarf-with-dsym";
				ENABLE_NS_ASSERTIONS = NO;
				ENABLE_STRICT_OBJC_MSGSEND = YES;
				GCC_C_LANGUAGE_STANDARD = gnu11;
				GCC_NO_COMMON_BLOCKS = YES;
				GCC_WARN_64_TO_32_BIT_CONVERSION = YES;
				GCC_WARN_ABOUT_RETURN_TYPE = YES_ERROR;
				GCC_WARN_UNDECLARED_SELECTOR = YES;
				GCC_WARN_UNINITIALIZED_AUTOS = YES_AGGRESSIVE;
				GCC_WARN_UNUSED_FUNCTION = YES;
				GCC_WARN_UNUSED_VARIABLE = YES;
				IPHONEOS_DEPLOYMENT_TARGET = 13.2;
				MTL_ENABLE_DEBUG_INFO = NO;
				MTL_FAST_MATH = YES;
				SDKROOT = iphoneos;
				SWIFT_COMPILATION_MODE = wholemodule;
				SWIFT_OPTIMIZATION_LEVEL = "-O";
				VALIDATE_PRODUCT = YES;
			};
			name = Release;
		};
		3316411624FAC55100AD0172 /* Debug */ = {
			isa = XCBuildConfiguration;
			buildSettings = {
				ASSETCATALOG_COMPILER_APPICON_NAME = AppIcon;
				CODE_SIGN_STYLE = Automatic;
				INFOPLIST_FILE = "iOS Tip App/Info.plist";
				LD_RUNPATH_SEARCH_PATHS = (
					"$(inherited)",
					"@executable_path/Frameworks",
				);
				PRODUCT_BUNDLE_IDENTIFIER = "SamSandoval.iOS-Tip-App";
				PRODUCT_NAME = "$(TARGET_NAME)";
				SWIFT_VERSION = 5.0;
				TARGETED_DEVICE_FAMILY = "1,2";
			};
			name = Debug;
		};
		3316411724FAC55100AD0172 /* Release */ = {
			isa = XCBuildConfiguration;
			buildSettings = {
				ASSETCATALOG_COMPILER_APPICON_NAME = AppIcon;
				CODE_SIGN_STYLE = Automatic;
				INFOPLIST_FILE = "iOS Tip App/Info.plist";
				LD_RUNPATH_SEARCH_PATHS = (
					"$(inherited)",
					"@executable_path/Frameworks",
				);
				PRODUCT_BUNDLE_IDENTIFIER = "SamSandoval.iOS-Tip-App";
				PRODUCT_NAME = "$(TARGET_NAME)";
				SWIFT_VERSION = 5.0;
				TARGETED_DEVICE_FAMILY = "1,2";
			};
			name = Release;
		};
		3316411924FAC55100AD0172 /* Debug */ = {
			isa = XCBuildConfiguration;
			buildSettings = {
				ALWAYS_EMBED_SWIFT_STANDARD_LIBRARIES = YES;
				BUNDLE_LOADER = "$(TEST_HOST)";
				CODE_SIGN_STYLE = Automatic;
				INFOPLIST_FILE = "iOS Tip AppTests/Info.plist";
				IPHONEOS_DEPLOYMENT_TARGET = 13.2;
				LD_RUNPATH_SEARCH_PATHS = (
					"$(inherited)",
					"@executable_path/Frameworks",
					"@loader_path/Frameworks",
				);
				PRODUCT_BUNDLE_IDENTIFIER = "SamSandoval.iOS-Tip-AppTests";
				PRODUCT_NAME = "$(TARGET_NAME)";
				SWIFT_VERSION = 5.0;
				TARGETED_DEVICE_FAMILY = "1,2";
				TEST_HOST = "$(BUILT_PRODUCTS_DIR)/iOS Tip App.app/iOS Tip App";
			};
			name = Debug;
		};
		3316411A24FAC55100AD0172 /* Release */ = {
			isa = XCBuildConfiguration;
			buildSettings = {
				ALWAYS_EMBED_SWIFT_STANDARD_LIBRARIES = YES;
				BUNDLE_LOADER = "$(TEST_HOST)";
				CODE_SIGN_STYLE = Automatic;
				INFOPLIST_FILE = "iOS Tip AppTests/Info.plist";
				IPHONEOS_DEPLOYMENT_TARGET = 13.2;
				LD_RUNPATH_SEARCH_PATHS = (
					"$(inherited)",
					"@executable_path/Frameworks",
					"@loader_path/Frameworks",
				);
				PRODUCT_BUNDLE_IDENTIFIER = "SamSandoval.iOS-Tip-AppTests";
				PRODUCT_NAME = "$(TARGET_NAME)";
				SWIFT_VERSION = 5.0;
				TARGETED_DEVICE_FAMILY = "1,2";
				TEST_HOST = "$(BUILT_PRODUCTS_DIR)/iOS Tip App.app/iOS Tip App";
			};
			name = Release;
		};
		3316411C24FAC55100AD0172 /* Debug */ = {
			isa = XCBuildConfiguration;
			buildSettings = {
				ALWAYS_EMBED_SWIFT_STANDARD_LIBRARIES = YES;
				CODE_SIGN_STYLE = Automatic;
				INFOPLIST_FILE = "iOS Tip AppUITests/Info.plist";
				LD_RUNPATH_SEARCH_PATHS = (
					"$(inherited)",
					"@executable_path/Frameworks",
					"@loader_path/Frameworks",
				);
				PRODUCT_BUNDLE_IDENTIFIER = "SamSandoval.iOS-Tip-AppUITests";
				PRODUCT_NAME = "$(TARGET_NAME)";
				SWIFT_VERSION = 5.0;
				TARGETED_DEVICE_FAMILY = "1,2";
				TEST_TARGET_NAME = "iOS Tip App";
			};
			name = Debug;
		};
		3316411D24FAC55100AD0172 /* Release */ = {
			isa = XCBuildConfiguration;
			buildSettings = {
				ALWAYS_EMBED_SWIFT_STANDARD_LIBRARIES = YES;
				CODE_SIGN_STYLE = Automatic;
				INFOPLIST_FILE = "iOS Tip AppUITests/Info.plist";
				LD_RUNPATH_SEARCH_PATHS = (
					"$(inherited)",
					"@executable_path/Frameworks",
					"@loader_path/Frameworks",
				);
				PRODUCT_BUNDLE_IDENTIFIER = "SamSandoval.iOS-Tip-AppUITests";
				PRODUCT_NAME = "$(TARGET_NAME)";
				SWIFT_VERSION = 5.0;
				TARGETED_DEVICE_FAMILY = "1,2";
				TEST_TARGET_NAME = "iOS Tip App";
			};
			name = Release;
		};
/* End XCBuildConfiguration section */

/* Begin XCConfigurationList section */
		331640E624FAC54D00AD0172 /* Build configuration list for PBXProject "iOS Tip App" */ = {
			isa = XCConfigurationList;
			buildConfigurations = (
				3316411324FAC55100AD0172 /* Debug */,
				3316411424FAC55100AD0172 /* Release */,
			);
			defaultConfigurationIsVisible = 0;
			defaultConfigurationName = Release;
		};
		3316411524FAC55100AD0172 /* Build configuration list for PBXNativeTarget "iOS Tip App" */ = {
			isa = XCConfigurationList;
			buildConfigurations = (
				3316411624FAC55100AD0172 /* Debug */,
				3316411724FAC55100AD0172 /* Release */,
			);
			defaultConfigurationIsVisible = 0;
			defaultConfigurationName = Release;
		};
		3316411824FAC55100AD0172 /* Build configuration list for PBXNativeTarget "iOS Tip AppTests" */ = {
			isa = XCConfigurationList;
			buildConfigurations = (
				3316411924FAC55100AD0172 /* Debug */,
				3316411A24FAC55100AD0172 /* Release */,
			);
			defaultConfigurationIsVisible = 0;
			defaultConfigurationName = Release;
		};
		3316411B24FAC55100AD0172 /* Build configuration list for PBXNativeTarget "iOS Tip AppUITests" */ = {
			isa = XCConfigurationList;
			buildConfigurations = (
				3316411C24FAC55100AD0172 /* Debug */,
				3316411D24FAC55100AD0172 /* Release */,
			);
			defaultConfigurationIsVisible = 0;
			defaultConfigurationName = Release;
		};
/* End XCConfigurationList section */
	};
	rootObject = 331640E324FAC54D00AD0172 /* Project object */;
}
